// !$*UTF8*$!
{
	archiveVersion = 1;
	classes = {
	};
	objectVersion = 46;
	objects = {

/* Begin PBXBuildFile section */
		DF82BA1C1AA2E99B00AD0331 /* AppDelegate.swift in Sources */ = {isa = PBXBuildFile; fileRef = DF82BA1B1AA2E99B00AD0331 /* AppDelegate.swift */; };
		DF82BA1F1AA2E99B00AD0331 /* Count_Swift.xcdatamodeld in Sources */ = {isa = PBXBuildFile; fileRef = DF82BA1D1AA2E99B00AD0331 /* Count_Swift.xcdatamodeld */; };
		DF82BA211AA2E99B00AD0331 /* ViewController.swift in Sources */ = {isa = PBXBuildFile; fileRef = DF82BA201AA2E99B00AD0331 /* ViewController.swift */; };
		DF82BA241AA2E99B00AD0331 /* Main.storyboard in Resources */ = {isa = PBXBuildFile; fileRef = DF82BA221AA2E99B00AD0331 /* Main.storyboard */; };
		DF82BA261AA2E99B00AD0331 /* Images.xcassets in Resources */ = {isa = PBXBuildFile; fileRef = DF82BA251AA2E99B00AD0331 /* Images.xcassets */; };
		DF82BA291AA2E99B00AD0331 /* LaunchScreen.xib in Resources */ = {isa = PBXBuildFile; fileRef = DF82BA271AA2E99B00AD0331 /* LaunchScreen.xib */; };
		DF82BA351AA2E99B00AD0331 /* Count_SwiftTests.swift in Sources */ = {isa = PBXBuildFile; fileRef = DF82BA341AA2E99B00AD0331 /* Count_SwiftTests.swift */; };
/* End PBXBuildFile section */

/* Begin PBXContainerItemProxy section */
		DF82BA2F1AA2E99B00AD0331 /* PBXContainerItemProxy */ = {
			isa = PBXContainerItemProxy;
			containerPortal = DF82BA0E1AA2E99A00AD0331 /* Project object */;
			proxyType = 1;
			remoteGlobalIDString = DF82BA151AA2E99B00AD0331;
			remoteInfo = Count_Swift;
		};
/* End PBXContainerItemProxy section */

/* Begin PBXFileReference section */
		DF82BA161AA2E99B00AD0331 /* Count_Swift.app */ = {isa = PBXFileReference; explicitFileType = wrapper.application; includeInIndex = 0; path = Count_Swift.app; sourceTree = BUILT_PRODUCTS_DIR; };
		DF82BA1A1AA2E99B00AD0331 /* Info.plist */ = {isa = PBXFileReference; lastKnownFileType = text.plist.xml; path = Info.plist; sourceTree = "<group>"; };
		DF82BA1B1AA2E99B00AD0331 /* AppDelegate.swift */ = {isa = PBXFileReference; lastKnownFileType = sourcecode.swift; path = AppDelegate.swift; sourceTree = "<group>"; };
		DF82BA1E1AA2E99B00AD0331 /* Count_Swift.xcdatamodel */ = {isa = PBXFileReference; lastKnownFileType = wrapper.xcdatamodel; path = Count_Swift.xcdatamodel; sourceTree = "<group>"; };
		DF82BA201AA2E99B00AD0331 /* ViewController.swift */ = {isa = PBXFileReference; lastKnownFileType = sourcecode.swift; path = ViewController.swift; sourceTree = "<group>"; };
		DF82BA231AA2E99B00AD0331 /* Base */ = {isa = PBXFileReference; lastKnownFileType = file.storyboard; name = Base; path = Base.lproj/Main.storyboard; sourceTree = "<group>"; };
		DF82BA251AA2E99B00AD0331 /* Images.xcassets */ = {isa = PBXFileReference; lastKnownFileType = folder.assetcatalog; path = Images.xcassets; sourceTree = "<group>"; };
		DF82BA281AA2E99B00AD0331 /* Base */ = {isa = PBXFileReference; lastKnownFileType = file.xib; name = Base; path = Base.lproj/LaunchScreen.xib; sourceTree = "<group>"; };
		DF82BA2E1AA2E99B00AD0331 /* Count_SwiftTests.xctest */ = {isa = PBXFileReference; explicitFileType = wrapper.cfbundle; includeInIndex = 0; path = Count_SwiftTests.xctest; sourceTree = BUILT_PRODUCTS_DIR; };
		DF82BA331AA2E99B00AD0331 /* Info.plist */ = {isa = PBXFileReference; lastKnownFileType = text.plist.xml; path = Info.plist; sourceTree = "<group>"; };
		DF82BA341AA2E99B00AD0331 /* Count_SwiftTests.swift */ = {isa = PBXFileReference; lastKnownFileType = sourcecode.swift; path = Count_SwiftTests.swift; sourceTree = "<group>"; };
/* End PBXFileReference section */

/* Begin PBXFrameworksBuildPhase section */
		DF82BA131AA2E99B00AD0331 /* Frameworks */ = {
			isa = PBXFrameworksBuildPhase;
			buildActionMask = 2147483647;
			files = (
			);
			runOnlyForDeploymentPostprocessing = 0;
		};
		DF82BA2B1AA2E99B00AD0331 /* Frameworks */ = {
			isa = PBXFrameworksBuildPhase;
			buildActionMask = 2147483647;
			files = (
			);
			runOnlyForDeploymentPostprocessing = 0;
		};
/* End PBXFrameworksBuildPhase section */

/* Begin PBXGroup section */
		DF82BA0D1AA2E99A00AD0331 = {
			isa = PBXGroup;
			children = (
				DF82BA181AA2E99B00AD0331 /* Count_Swift */,
				DF82BA311AA2E99B00AD0331 /* Count_SwiftTests */,
				DF82BA171AA2E99B00AD0331 /* Products */,
			);
			sourceTree = "<group>";
		};
		DF82BA171AA2E99B00AD0331 /* Products */ = {
			isa = PBXGroup;
			children = (
				DF82BA161AA2E99B00AD0331 /* Count_Swift.app */,
				DF82BA2E1AA2E99B00AD0331 /* Count_SwiftTests.xctest */,
			);
			name = Products;
			sourceTree = "<group>";
		};
		DF82BA181AA2E99B00AD0331 /* Count_Swift */ = {
			isa = PBXGroup;
			children = (
				DF82BA1B1AA2E99B00AD0331 /* AppDelegate.swift */,
				DF82BA201AA2E99B00AD0331 /* ViewController.swift */,
				DF82BA221AA2E99B00AD0331 /* Main.storyboard */,
				DF82BA251AA2E99B00AD0331 /* Images.xcassets */,
				DF82BA271AA2E99B00AD0331 /* LaunchScreen.xib */,
				DF82BA1D1AA2E99B00AD0331 /* Count_Swift.xcdatamodeld */,
				DF82BA191AA2E99B00AD0331 /* Supporting Files */,
			);
			path = Count_Swift;
			sourceTree = "<group>";
		};
		DF82BA191AA2E99B00AD0331 /* Supporting Files */ = {
			isa = PBXGroup;
			children = (
				DF82BA1A1AA2E99B00AD0331 /* Info.plist */,
			);
			name = "Supporting Files";
			sourceTree = "<group>";
		};
		DF82BA311AA2E99B00AD0331 /* Count_SwiftTests */ = {
			isa = PBXGroup;
			children = (
				DF82BA341AA2E99B00AD0331 /* Count_SwiftTests.swift */,
				DF82BA321AA2E99B00AD0331 /* Supporting Files */,
			);
			path = Count_SwiftTests;
			sourceTree = "<group>";
		};
		DF82BA321AA2E99B00AD0331 /* Supporting Files */ = {
			isa = PBXGroup;
			children = (
				DF82BA331AA2E99B00AD0331 /* Info.plist */,
			);
			name = "Supporting Files";
			sourceTree = "<group>";
		};
/* End PBXGroup section */

/* Begin PBXNativeTarget section */
		DF82BA151AA2E99B00AD0331 /* Count_Swift */ = {
			isa = PBXNativeTarget;
			buildConfigurationList = DF82BA381AA2E99B00AD0331 /* Build configuration list for PBXNativeTarget "Count_Swift" */;
			buildPhases = (
				DF82BA121AA2E99B00AD0331 /* Sources */,
				DF82BA131AA2E99B00AD0331 /* Frameworks */,
				DF82BA141AA2E99B00AD0331 /* Resources */,
			);
			buildRules = (
			);
			dependencies = (
			);
			name = Count_Swift;
			productName = Count_Swift;
			productReference = DF82BA161AA2E99B00AD0331 /* Count_Swift.app */;
			productType = "com.apple.product-type.application";
		};
		DF82BA2D1AA2E99B00AD0331 /* Count_SwiftTests */ = {
			isa = PBXNativeTarget;
			buildConfigurationList = DF82BA3B1AA2E99B00AD0331 /* Build configuration list for PBXNativeTarget "Count_SwiftTests" */;
			buildPhases = (
				DF82BA2A1AA2E99B00AD0331 /* Sources */,
				DF82BA2B1AA2E99B00AD0331 /* Frameworks */,
				DF82BA2C1AA2E99B00AD0331 /* Resources */,
			);
			buildRules = (
			);
			dependencies = (
				DF82BA301AA2E99B00AD0331 /* PBXTargetDependency */,
			);
			name = Count_SwiftTests;
			productName = Count_SwiftTests;
			productReference = DF82BA2E1AA2E99B00AD0331 /* Count_SwiftTests.xctest */;
			productType = "com.apple.product-type.bundle.unit-test";
		};
/* End PBXNativeTarget section */

/* Begin PBXProject section */
		DF82BA0E1AA2E99A00AD0331 /* Project object */ = {
			isa = PBXProject;
			attributes = {
				LastUpgradeCheck = 0610;
				ORGANIZATIONNAME = LifeisTech;
				TargetAttributes = {
					DF82BA151AA2E99B00AD0331 = {
						CreatedOnToolsVersion = 6.1.1;
					};
					DF82BA2D1AA2E99B00AD0331 = {
						CreatedOnToolsVersion = 6.1.1;
						TestTargetID = DF82BA151AA2E99B00AD0331;
					};
				};
			};
			buildConfigurationList = DF82BA111AA2E99A00AD0331 /* Build configuration list for PBXProject "Count_Swift" */;
			compatibilityVersion = "Xcode 3.2";
			developmentRegion = English;
			hasScannedForEncodings = 0;
			knownRegions = (
				en,
				Base,
			);
			mainGroup = DF82BA0D1AA2E99A00AD0331;
			productRefGroup = DF82BA171AA2E99B00AD0331 /* Products */;
			projectDirPath = "";
			projectRoot = "";
			targets = (
				DF82BA151AA2E99B00AD0331 /* Count_Swift */,
				DF82BA2D1AA2E99B00AD0331 /* Count_SwiftTests */,
			);
		};
/* End PBXProject section */

/* Begin PBXResourcesBuildPhase section */
		DF82BA141AA2E99B00AD0331 /* Resources */ = {
			isa = PBXResourcesBuildPhase;
			buildActionMask = 2147483647;
			files = (
				DF82BA241AA2E99B00AD0331 /* Main.storyboard in Resources */,
				DF82BA291AA2E99B00AD0331 /* LaunchScreen.xib in Resources */,
				DF82BA261AA2E99B00AD0331 /* Images.xcassets in Resources */,
			);
			runOnlyForDeploymentPostprocessing = 0;
		};
		DF82BA2C1AA2E99B00AD0331 /* Resources */ = {
			isa = PBXResourcesBuildPhase;
			buildActionMask = 2147483647;
			files = (
			);
			runOnlyForDeploymentPostprocessing = 0;
		};
/* End PBXResourcesBuildPhase section */

/* Begin PBXSourcesBuildPhase section */
		DF82BA121AA2E99B00AD0331 /* Sources */ = {
			isa = PBXSourcesBuildPhase;
			buildActionMask = 2147483647;
			files = (
				DF82BA211AA2E99B00AD0331 /* ViewController.swift in Sources */,
				DF82BA1C1AA2E99B00AD0331 /* AppDelegate.swift in Sources */,
				DF82BA1F1AA2E99B00AD0331 /* Count_Swift.xcdatamodeld in Sources */,
			);
			runOnlyForDeploymentPostprocessing = 0;
		};
		DF82BA2A1AA2E99B00AD0331 /* Sources */ = {
			isa = PBXSourcesBuildPhase;
			buildActionMask = 2147483647;
			files = (
				DF82BA351AA2E99B00AD0331 /* Count_SwiftTests.swift in Sources */,
			);
			runOnlyForDeploymentPostprocessing = 0;
		};
/* End PBXSourcesBuildPhase section */

/* Begin PBXTargetDependency section */
		DF82BA301AA2E99B00AD0331 /* PBXTargetDependency */ = {
			isa = PBXTargetDependency;
			target = DF82BA151AA2E99B00AD0331 /* Count_Swift */;
			targetProxy = DF82BA2F1AA2E99B00AD0331 /* PBXContainerItemProxy */;
		};
/* End PBXTargetDependency section */

/* Begin PBXVariantGroup section */
		DF82BA221AA2E99B00AD0331 /* Main.storyboard */ = {
			isa = PBXVariantGroup;
			children = (
				DF82BA231AA2E99B00AD0331 /* Base */,
			);
			name = Main.storyboard;
			sourceTree = "<group>";
		};
		DF82BA271AA2E99B00AD0331 /* LaunchScreen.xib */ = {
			isa = PBXVariantGroup;
			children = (
				DF82BA281AA2E99B00AD0331 /* Base */,
			);
			name = LaunchScreen.xib;
			sourceTree = "<group>";
		};
/* End PBXVariantGroup section */

/* Begin XCBuildConfiguration section */
		DF82BA361AA2E99B00AD0331 /* Debug */ = {
			isa = XCBuildConfiguration;
			buildSettings = {
				ALWAYS_SEARCH_USER_PATHS = NO;
				CLANG_CXX_LANGUAGE_STANDARD = "gnu++0x";
				CLANG_CXX_LIBRARY = "libc++";
				CLANG_ENABLE_MODULES = YES;
				CLANG_ENABLE_OBJC_ARC = YES;
				CLANG_WARN_BOOL_CONVERSION = YES;
				CLANG_WARN_CONSTANT_CONVERSION = YES;
				CLANG_WARN_DIRECT_OBJC_ISA_USAGE = YES_ERROR;
				CLANG_WARN_EMPTY_BODY = YES;
				CLANG_WARN_ENUM_CONVERSION = YES;
				CLANG_WARN_INT_CONVERSION = YES;
				CLANG_WARN_OBJC_ROOT_CLASS = YES_ERROR;
				CLANG_WARN_UNREACHABLE_CODE = YES;
				CLANG_WARN__DUPLICATE_METHOD_MATCH = YES;
				"CODE_SIGN_IDENTITY[sdk=iphoneos*]" = "iPhone Developer";
				COPY_PHASE_STRIP = NO;
				ENABLE_STRICT_OBJC_MSGSEND = YES;
				GCC_C_LANGUAGE_STANDARD = gnu99;
				GCC_DYNAMIC_NO_PIC = NO;
				GCC_OPTIMIZATION_LEVEL = 0;
				GCC_PREPROCESSOR_DEFINITIONS = (
					"DEBUG=1",
					"$(inherited)",
				);
				GCC_SYMBOLS_PRIVATE_EXTERN = NO;
				GCC_WARN_64_TO_32_BIT_CONVERSION = YES;
				GCC_WARN_ABOUT_RETURN_TYPE = YES_ERROR;
				GCC_WARN_UNDECLARED_SELECTOR = YES;
				GCC_WARN_UNINITIALIZED_AUTOS = YES_AGGRESSIVE;
				GCC_WARN_UNUSED_FUNCTION = YES;
				GCC_WARN_UNUSED_VARIABLE = YES;
				IPHONEOS_DEPLOYMENT_TARGET = 8.1;
				MTL_ENABLE_DEBUG_INFO = YES;
				ONLY_ACTIVE_ARCH = YES;
				SDKROOT = iphoneos;
				SWIFT_OPTIMIZATION_LEVEL = "-Onone";
			};
			name = Debug;
		};
		DF82BA371AA2E99B00AD0331 /* Release */ = {
			isa = XCBuildConfiguration;
			buildSettings = {
				ALWAYS_SEARCH_USER_PATHS = NO;
				CLANG_CXX_LANGUAGE_STANDARD = "gnu++0x";
				CLANG_CXX_LIBRARY = "libc++";
				CLANG_ENABLE_MODULES = YES;
				CLANG_ENABLE_OBJC_ARC = YES;
				CLANG_WARN_BOOL_CONVERSION = YES;
				CLANG_WARN_CONSTANT_CONVERSION = YES;
				CLANG_WARN_DIRECT_OBJC_ISA_USAGE = YES_ERROR;
				CLANG_WARN_EMPTY_BODY = YES;
				CLANG_WARN_ENUM_CONVERSION = YES;
				CLANG_WARN_INT_CONVERSION = YES;
				CLANG_WARN_OBJC_ROOT_CLASS = YES_ERROR;
				CLANG_WARN_UNREACHABLE_CODE = YES;
				CLANG_WARN__DUPLICATE_METHOD_MATCH = YES;
				"CODE_SIGN_IDENTITY[sdk=iphoneos*]" = "iPhone Developer";
				COPY_PHASE_STRIP = YES;
				ENABLE_NS_ASSERTIONS = NO;
				ENABLE_STRICT_OBJC_MSGSEND = YES;
				GCC_C_LANGUAGE_STANDARD = gnu99;
				GCC_WARN_64_TO_32_BIT_CONVERSION = YES;
				GCC_WARN_ABOUT_RETURN_TYPE = YES_ERROR;
				GCC_WARN_UNDECLARED_SELECTOR = YES;
				GCC_WARN_UNINITIALIZED_AUTOS = YES_AGGRESSIVE;
				GCC_WARN_UNUSED_FUNCTION = YES;
				GCC_WARN_UNUSED_VARIABLE = YES;
				IPHONEOS_DEPLOYMENT_TARGET = 8.1;
				MTL_ENABLE_DEBUG_INFO = NO;
				SDKROOT = iphoneos;
				VALIDATE_PRODUCT = YES;
			};
			name = Release;
		};
		DF82BA391AA2E99B00AD0331 /* Debug */ = {
			isa = XCBuildConfiguration;
			buildSettings = {
				ASSETCATALOG_COMPILER_APPICON_NAME = AppIcon;
				INFOPLIST_FILE = Count_Swift/Info.plist;
				LD_RUNPATH_SEARCH_PATHS = "$(inherited) @executable_path/Frameworks";
				PRODUCT_NAME = "$(TARGET_NAME)";
			};
			name = Debug;
		};
		DF82BA3A1AA2E99B00AD0331 /* Release */ = {
			isa = XCBuildConfiguration;
			buildSettings = {
				ASSETCATALOG_COMPILER_APPICON_NAME = AppIcon;
				INFOPLIST_FILE = Count_Swift/Info.plist;
				LD_RUNPATH_SEARCH_PATHS = "$(inherited) @executable_path/Frameworks";
				PRODUCT_NAME = "$(TARGET_NAME)";
			};
			name = Release;
		};
		DF82BA3C1AA2E99B00AD0331 /* Debug */ = {
			isa = XCBuildConfiguration;
			buildSettings = {
				BUNDLE_LOADER = "$(TEST_HOST)";
				FRAMEWORK_SEARCH_PATHS = (
					"$(SDKROOT)/Developer/Library/Frameworks",
					"$(inherited)",
				);
				GCC_PREPROCESSOR_DEFINITIONS = (
					"DEBUG=1",
					"$(inherited)",
				);
				INFOPLIST_FILE = Count_SwiftTests/Info.plist;
				LD_RUNPATH_SEARCH_PATHS = "$(inherited) @executable_path/Frameworks @loader_path/Frameworks";
				PRODUCT_NAME = "$(TARGET_NAME)";
				TEST_HOST = "$(BUILT_PRODUCTS_DIR)/Count_Swift.app/Count_Swift";
			};
			name = Debug;
		};
		DF82BA3D1AA2E99B00AD0331 /* Release */ = {
			isa = XCBuildConfiguration;
			buildSettings = {
				BUNDLE_LOADER = "$(TEST_HOST)";
				FRAMEWORK_SEARCH_PATHS = (
					"$(SDKROOT)/Developer/Library/Frameworks",
					"$(inherited)",
				);
				INFOPLIST_FILE = Count_SwiftTests/Info.plist;
				LD_RUNPATH_SEARCH_PATHS = "$(inherited) @executable_path/Frameworks @loader_path/Frameworks";
				PRODUCT_NAME = "$(TARGET_NAME)";
				TEST_HOST = "$(BUILT_PRODUCTS_DIR)/Count_Swift.app/Count_Swift";
			};
			name = Release;
		};
/* End XCBuildConfiguration section */

/* Begin XCConfigurationList section */
		DF82BA111AA2E99A00AD0331 /* Build configuration list for PBXProject "Count_Swift" */ = {
			isa = XCConfigurationList;
			buildConfigurations = (
				DF82BA361AA2E99B00AD0331 /* Debug */,
				DF82BA371AA2E99B00AD0331 /* Release */,
			);
			defaultConfigurationIsVisible = 0;
			defaultConfigurationName = Release;
		};
		DF82BA381AA2E99B00AD0331 /* Build configuration list for PBXNativeTarget "Count_Swift" */ = {
			isa = XCConfigurationList;
			buildConfigurations = (
				DF82BA391AA2E99B00AD0331 /* Debug */,
				DF82BA3A1AA2E99B00AD0331 /* Release */,
			);
			defaultConfigurationIsVisible = 0;
		};
		DF82BA3B1AA2E99B00AD0331 /* Build configuration list for PBXNativeTarget "Count_SwiftTests" */ = {
			isa = XCConfigurationList;
			buildConfigurations = (
				DF82BA3C1AA2E99B00AD0331 /* Debug */,
				DF82BA3D1AA2E99B00AD0331 /* Release */,
			);
			defaultConfigurationIsVisible = 0;
		};
/* End XCConfigurationList section */

/* Begin XCVersionGroup section */
		DF82BA1D1AA2E99B00AD0331 /* Count_Swift.xcdatamodeld */ = {
			isa = XCVersionGroup;
			children = (
				DF82BA1E1AA2E99B00AD0331 /* Count_Swift.xcdatamodel */,
			);
			currentVersion = DF82BA1E1AA2E99B00AD0331 /* Count_Swift.xcdatamodel */;
			path = Count_Swift.xcdatamodeld;
			sourceTree = "<group>";
			versionGroupType = wrapper.xcdatamodel;
		};
/* End XCVersionGroup section */
	};
	rootObject = DF82BA0E1AA2E99A00AD0331 /* Project object */;
}
